
Microsoft Visual Studio Solution File, Format Version 12.00
# Visual Studio 15
VisualStudioVersion = 15.0.26124.0
MinimumVisualStudioVersion = 15.0.26124.0
Project("{FAE04EC0-301F-11D3-BF4B-00C04F79EFBC}") = "Academia.Api", "Academia.Api\Academia.Api.csproj", "{0DB34725-7244-445C-854B-E45A3BD85467}"
EndProject
Project("{FAE04EC0-301F-11D3-BF4B-00C04F79EFBC}") = "Academia.Core", "Academia.Core\Academia.Core.csproj", "{AA186807-3271-423A-B413-3B8BF649C166}"
EndProject
Project("{FAE04EC0-301F-11D3-BF4B-00C04F79EFBC}") = "Academia.Application", "Academia.Application\Academia.Application.csproj", "{55AB2079-7194-4BA2-8D54-DE6BBE66C804}"
EndProject
Project("{FAE04EC0-301F-11D3-BF4B-00C04F79EFBC}") = "Academia.Infra", "Academia.Infra\Academia.Infra.csproj", "{5E1880FA-BA2F-4A64-A6C1-DCA7CDB2E100}"
EndProject
Global
	GlobalSection(SolutionConfigurationPlatforms) = preSolution
		Debug|Any CPU = Debug|Any CPU
		Debug|x64 = Debug|x64
		Debug|x86 = Debug|x86
		Release|Any CPU = Release|Any CPU
		Release|x64 = Release|x64
		Release|x86 = Release|x86
	EndGlobalSection
	GlobalSection(SolutionProperties) = preSolution
		HideSolutionNode = FALSE
	EndGlobalSection
	GlobalSection(ProjectConfigurationPlatforms) = postSolution
		{0DB34725-7244-445C-854B-E45A3BD85467}.Debug|Any CPU.ActiveCfg = Debug|Any CPU
		{0DB34725-7244-445C-854B-E45A3BD85467}.Debug|Any CPU.Build.0 = Debug|Any CPU
		{0DB34725-7244-445C-854B-E45A3BD85467}.Debug|x64.ActiveCfg = Debug|Any CPU
		{0DB34725-7244-445C-854B-E45A3BD85467}.Debug|x64.Build.0 = Debug|Any CPU
		{0DB34725-7244-445C-854B-E45A3BD85467}.Debug|x86.ActiveCfg = Debug|Any CPU
		{0DB34725-7244-445C-854B-E45A3BD85467}.Debug|x86.Build.0 = Debug|Any CPU
		{0DB34725-7244-445C-854B-E45A3BD85467}.Release|Any CPU.ActiveCfg = Release|Any CPU
		{0DB34725-7244-445C-854B-E45A3BD85467}.Release|Any CPU.Build.0 = Release|Any CPU
		{0DB34725-7244-445C-854B-E45A3BD85467}.Release|x64.ActiveCfg = Release|Any CPU
		{0DB34725-7244-445C-854B-E45A3BD85467}.Release|x64.Build.0 = Release|Any CPU
		{0DB34725-7244-445C-854B-E45A3BD85467}.Release|x86.ActiveCfg = Release|Any CPU
		{0DB34725-7244-445C-854B-E45A3BD85467}.Release|x86.Build.0 = Release|Any CPU
		{AA186807-3271-423A-B413-3B8BF649C166}.Debug|Any CPU.ActiveCfg = Debug|Any CPU
		{AA186807-3271-423A-B413-3B8BF649C166}.Debug|Any CPU.Build.0 = Debug|Any CPU
		{AA186807-3271-423A-B413-3B8BF649C166}.Debug|x64.ActiveCfg = Debug|Any CPU
		{AA186807-3271-423A-B413-3B8BF649C166}.Debug|x64.Build.0 = Debug|Any CPU
		{AA186807-3271-423A-B413-3B8BF649C166}.Debug|x86.ActiveCfg = Debug|Any CPU
		{AA186807-3271-423A-B413-3B8BF649C166}.Debug|x86.Build.0 = Debug|Any CPU
		{AA186807-3271-423A-B413-3B8BF649C166}.Release|Any CPU.ActiveCfg = Release|Any CPU
		{AA186807-3271-423A-B413-3B8BF649C166}.Release|Any CPU.Build.0 = Release|Any CPU
		{AA186807-3271-423A-B413-3B8BF649C166}.Release|x64.ActiveCfg = Release|Any CPU
		{AA186807-3271-423A-B413-3B8BF649C166}.Release|x64.Build.0 = Release|Any CPU
		{AA186807-3271-423A-B413-3B8BF649C166}.Release|x86.ActiveCfg = Release|Any CPU
		{AA186807-3271-423A-B413-3B8BF649C166}.Release|x86.Build.0 = Release|Any CPU
		{55AB2079-7194-4BA2-8D54-DE6BBE66C804}.Debug|Any CPU.ActiveCfg = Debug|Any CPU
		{55AB2079-7194-4BA2-8D54-DE6BBE66C804}.Debug|Any CPU.Build.0 = Debug|Any CPU
		{55AB2079-7194-4BA2-8D54-DE6BBE66C804}.Debug|x64.ActiveCfg = Debug|Any CPU
		{55AB2079-7194-4BA2-8D54-DE6BBE66C804}.Debug|x64.Build.0 = Debug|Any CPU
		{55AB2079-7194-4BA2-8D54-DE6BBE66C804}.Debug|x86.ActiveCfg = Debug|Any CPU
		{55AB2079-7194-4BA2-8D54-DE6BBE66C804}.Debug|x86.Build.0 = Debug|Any CPU
		{55AB2079-7194-4BA2-8D54-DE6BBE66C804}.Release|Any CPU.ActiveCfg = Release|Any CPU
		{55AB2079-7194-4BA2-8D54-DE6BBE66C804}.Release|Any CPU.Build.0 = Release|Any CPU
		{55AB2079-7194-4BA2-8D54-DE6BBE66C804}.Release|x64.ActiveCfg = Release|Any CPU
		{55AB2079-7194-4BA2-8D54-DE6BBE66C804}.Release|x64.Build.0 = Release|Any CPU
		{55AB2079-7194-4BA2-8D54-DE6BBE66C804}.Release|x86.ActiveCfg = Release|Any CPU
		{55AB2079-7194-4BA2-8D54-DE6BBE66C804}.Release|x86.Build.0 = Release|Any CPU
		{5E1880FA-BA2F-4A64-A6C1-DCA7CDB2E100}.Debug|Any CPU.ActiveCfg = Debug|Any CPU
		{5E1880FA-BA2F-4A64-A6C1-DCA7CDB2E100}.Debug|Any CPU.Build.0 = Debug|Any CPU
		{5E1880FA-BA2F-4A64-A6C1-DCA7CDB2E100}.Debug|x64.ActiveCfg = Debug|Any CPU
		{5E1880FA-BA2F-4A64-A6C1-DCA7CDB2E100}.Debug|x64.Build.0 = Debug|Any CPU
		{5E1880FA-BA2F-4A64-A6C1-DCA7CDB2E100}.Debug|x86.ActiveCfg = Debug|Any CPU
		{5E1880FA-BA2F-4A64-A6C1-DCA7CDB2E100}.Debug|x86.Build.0 = Debug|Any CPU
		{5E1880FA-BA2F-4A64-A6C1-DCA7CDB2E100}.Release|Any CPU.ActiveCfg = Release|Any CPU
		{5E1880FA-BA2F-4A64-A6C1-DCA7CDB2E100}.Release|Any CPU.Build.0 = Release|Any CPU
		{5E1880FA-BA2F-4A64-A6C1-DCA7CDB2E100}.Release|x64.ActiveCfg = Release|Any CPU
		{5E1880FA-BA2F-4A64-A6C1-DCA7CDB2E100}.Release|x64.Build.0 = Release|Any CPU
		{5E1880FA-BA2F-4A64-A6C1-DCA7CDB2E100}.Release|x86.ActiveCfg = Release|Any CPU
		{5E1880FA-BA2F-4A64-A6C1-DCA7CDB2E100}.Release|x86.Build.0 = Release|Any CPU
	EndGlobalSection
EndGlobal
